
Microsoft Visual Studio Solution File, Format Version 12.00
# Visual Studio Version 17
VisualStudioVersion = 17.11.34909.67
MinimumVisualStudioVersion = 10.0.40219.1
Project("{FAE04EC0-301F-11D3-BF4B-00C04F79EFBC}") = "1_QuickStart", "1_QuickStart\1_QuickStart.csproj", "{50C538C7-4530-4394-8F7D-8A9268ACC0B2}"
EndProject
Global
	GlobalSection(SolutionConfigurationPlatforms) = preSolution
		Debug|Any CPU = Debug|Any CPU
		Release|Any CPU = Release|Any CPU
	EndGlobalSection
	GlobalSection(ProjectConfigurationPlatforms) = postSolution
		{50C538C7-4530-4394-8F7D-8A9268ACC0B2}.Debug|Any CPU.ActiveCfg = Debug|Any CPU
		{50C538C7-4530-4394-8F7D-8A9268ACC0B2}.Debug|Any CPU.Build.0 = Debug|Any CPU
		{50C538C7-4530-4394-8F7D-8A9268ACC0B2}.Release|Any CPU.ActiveCfg = Release|Any CPU
		{50C538C7-4530-4394-8F7D-8A9268ACC0B2}.Release|Any CPU.Build.0 = Release|Any CPU
	EndGlobalSection
	GlobalSection(SolutionProperties) = preSolution
		HideSolutionNode = FALSE
	EndGlobalSection
	GlobalSection(ExtensibilityGlobals) = postSolution
		SolutionGuid = {23F141EB-5D49-4CA9-AEB7-E23A9FD4E70B}
	EndGlobalSection
EndGlobal
